
Microsoft Visual Studio Solution File, Format Version 12.00
Project("{FAE04EC0-301F-11D3-BF4B-00C04F79EFBC}") = "RVA.RedundantQueue", "RVA.RedundantQueue\RVA.RedundantQueue.csproj", "{1BC19655-D1D0-4DBA-A567-A6EB74D11D76}"
EndProject
Project("{FAE04EC0-301F-11D3-BF4B-00C04F79EFBC}") = "RVA.RedundantQueue.Tests", "RVA.RedundantQueue.Tests\RVA.RedundantQueue.Tests.csproj", "{90ECD09D-4039-437F-BC47-0A5028697320}"
EndProject
Project("{FAE04EC0-301F-11D3-BF4B-00C04F79EFBC}") = "RVA.RedundantQueue.AspNetCore", "RVA.RedundantQueue.AspNetCore\RVA.RedundantQueue.AspNetCore.csproj", "{D62DA97D-CF3A-4CE5-9417-E59E734A37F9}"
EndProject
Global
	GlobalSection(SolutionConfigurationPlatforms) = preSolution
		Debug|Any CPU = Debug|Any CPU
		Release|Any CPU = Release|Any CPU
	EndGlobalSection
	GlobalSection(ProjectConfigurationPlatforms) = postSolution
		{1BC19655-D1D0-4DBA-A567-A6EB74D11D76}.Debug|Any CPU.ActiveCfg = Debug|Any CPU
		{1BC19655-D1D0-4DBA-A567-A6EB74D11D76}.Debug|Any CPU.Build.0 = Debug|Any CPU
		{1BC19655-D1D0-4DBA-A567-A6EB74D11D76}.Release|Any CPU.ActiveCfg = Release|Any CPU
		{1BC19655-D1D0-4DBA-A567-A6EB74D11D76}.Release|Any CPU.Build.0 = Release|Any CPU
		{90ECD09D-4039-437F-BC47-0A5028697320}.Debug|Any CPU.ActiveCfg = Debug|Any CPU
		{90ECD09D-4039-437F-BC47-0A5028697320}.Debug|Any CPU.Build.0 = Debug|Any CPU
		{90ECD09D-4039-437F-BC47-0A5028697320}.Release|Any CPU.ActiveCfg = Release|Any CPU
		{90ECD09D-4039-437F-BC47-0A5028697320}.Release|Any CPU.Build.0 = Release|Any CPU
		{D62DA97D-CF3A-4CE5-9417-E59E734A37F9}.Debug|Any CPU.ActiveCfg = Debug|Any CPU
		{D62DA97D-CF3A-4CE5-9417-E59E734A37F9}.Debug|Any CPU.Build.0 = Debug|Any CPU
		{D62DA97D-CF3A-4CE5-9417-E59E734A37F9}.Release|Any CPU.ActiveCfg = Release|Any CPU
		{D62DA97D-CF3A-4CE5-9417-E59E734A37F9}.Release|Any CPU.Build.0 = Release|Any CPU
	EndGlobalSection
EndGlobal
